
Microsoft Visual Studio Solution File, Format Version 12.00
# Visual Studio Version 17
VisualStudioVersion = 17.9.34728.123
MinimumVisualStudioVersion = 10.0.40219.1
Project("{9A19103F-16F7-4668-BE54-9A1E7A4F7556}") = "Payment-Service.Api", "Payment-Service\Payment-Service.Api.csproj", "{3523B4D2-DB80-441A-A0B8-BF76DE0AC29D}"
EndProject
Global
	GlobalSection(SolutionConfigurationPlatforms) = preSolution
		Debug|Any CPU = Debug|Any CPU
		Release|Any CPU = Release|Any CPU
	EndGlobalSection
	GlobalSection(ProjectConfigurationPlatforms) = postSolution
		{3523B4D2-DB80-441A-A0B8-BF76DE0AC29D}.Debug|Any CPU.ActiveCfg = Debug|Any CPU
		{3523B4D2-DB80-441A-A0B8-BF76DE0AC29D}.Debug|Any CPU.Build.0 = Debug|Any CPU
		{3523B4D2-DB80-441A-A0B8-BF76DE0AC29D}.Release|Any CPU.ActiveCfg = Release|Any CPU
		{3523B4D2-DB80-441A-A0B8-BF76DE0AC29D}.Release|Any CPU.Build.0 = Release|Any CPU
	EndGlobalSection
	GlobalSection(SolutionProperties) = preSolution
		HideSolutionNode = FALSE
	EndGlobalSection
	GlobalSection(ExtensibilityGlobals) = postSolution
		SolutionGuid = {B1A1A31D-9E7C-4DDD-9AA1-257D5176E4E4}
	EndGlobalSection
EndGlobal
